
Microsoft Visual Studio Solution File, Format Version 12.00
# Visual Studio 15
VisualStudioVersion = 15.0.28010.2050
MinimumVisualStudioVersion = 10.0.40219.1
Project("{FAE04EC0-301F-11D3-BF4B-00C04F79EFBC}") = "WebPolyclinic", "WebPolyclinic\WebPolyclinic.csproj", "{221C30D7-82DB-41F7-B3ED-1B2CA7F7B9A6}"
EndProject
Global
	GlobalSection(SolutionConfigurationPlatforms) = preSolution
		Debug|Any CPU = Debug|Any CPU
		Release|Any CPU = Release|Any CPU
	EndGlobalSection
	GlobalSection(ProjectConfigurationPlatforms) = postSolution
		{221C30D7-82DB-41F7-B3ED-1B2CA7F7B9A6}.Debug|Any CPU.ActiveCfg = Debug|Any CPU
		{221C30D7-82DB-41F7-B3ED-1B2CA7F7B9A6}.Debug|Any CPU.Build.0 = Debug|Any CPU
		{221C30D7-82DB-41F7-B3ED-1B2CA7F7B9A6}.Release|Any CPU.ActiveCfg = Release|Any CPU
		{221C30D7-82DB-41F7-B3ED-1B2CA7F7B9A6}.Release|Any CPU.Build.0 = Release|Any CPU
	EndGlobalSection
	GlobalSection(SolutionProperties) = preSolution
		HideSolutionNode = FALSE
	EndGlobalSection
	GlobalSection(ExtensibilityGlobals) = postSolution
		SolutionGuid = {D55ADE58-C18C-4913-AAB8-6928EDE7ACC2}
	EndGlobalSection
EndGlobal
